
Microsoft Visual Studio Solution File, Format Version 12.00
# Visual Studio Version 17
VisualStudioVersion = 17.13.35825.156 d17.13
MinimumVisualStudioVersion = 10.0.40219.1
Project("{FAE04EC0-301F-11D3-BF4B-00C04F79EFBC}") = "SmartSeg", "SmartSeg.csproj", "{B6CE72F1-A44F-4A74-A0C0-C8BD3FC90DCA}"
EndProject
Global
	GlobalSection(SolutionConfigurationPlatforms) = preSolution
		Debug|Any CPU = Debug|Any CPU
		Release|Any CPU = Release|Any CPU
	EndGlobalSection
	GlobalSection(ProjectConfigurationPlatforms) = postSolution
		{B6CE72F1-A44F-4A74-A0C0-C8BD3FC90DCA}.Debug|Any CPU.ActiveCfg = Debug|Any CPU
		{B6CE72F1-A44F-4A74-A0C0-C8BD3FC90DCA}.Debug|Any CPU.Build.0 = Debug|Any CPU
		{B6CE72F1-A44F-4A74-A0C0-C8BD3FC90DCA}.Release|Any CPU.ActiveCfg = Release|Any CPU
		{B6CE72F1-A44F-4A74-A0C0-C8BD3FC90DCA}.Release|Any CPU.Build.0 = Release|Any CPU
	EndGlobalSection
	GlobalSection(SolutionProperties) = preSolution
		HideSolutionNode = FALSE
	EndGlobalSection
	GlobalSection(ExtensibilityGlobals) = postSolution
		SolutionGuid = {D571E2B7-8059-487B-AD6A-EC72FE977F48}
	EndGlobalSection
EndGlobal
